
Microsoft Visual Studio Solution File, Format Version 12.00
# Visual Studio Version 16
VisualStudioVersion = 16.0.30717.126
MinimumVisualStudioVersion = 10.0.40219.1
Project("{FAE04EC0-301F-11D3-BF4B-00C04F79EFBC}") = "AzureADExample.B2CApiClient", "AzureADExample.ApiClient\AzureADExample.B2CApiClient.csproj", "{9A71C2A7-9E8A-40B6-9DF0-8FA34D105BEB}"
EndProject
Project("{FAE04EC0-301F-11D3-BF4B-00C04F79EFBC}") = "AzureADExample.SecondApi", "AzureADExample.SecondApi\AzureADExample.SecondApi.csproj", "{88DE2B99-E9A7-4CEC-A1B3-0BC3A8C347F4}"
EndProject
Project("{FAE04EC0-301F-11D3-BF4B-00C04F79EFBC}") = "AzureADExample.FirstApi", "AzureADExample.FirstApi\AzureADExample.FirstApi.csproj", "{7DBF68E5-E1C9-45B2-BD22-3301895206FB}"
EndProject
Project("{FAE04EC0-301F-11D3-BF4B-00C04F79EFBC}") = "AzureADExample.WebClient.ImplicitFlow", "AzureADExample.WebClient.ImplicitFlow\AzureADExample.WebClient.ImplicitFlow.csproj", "{4F4C860A-1062-4E0A-A911-B2540D722C2C}"
EndProject
Project("{FAE04EC0-301F-11D3-BF4B-00C04F79EFBC}") = "AzureADExample.WebClient.CodeFlow", "AzureADExample.WebClient.CodeFlow\AzureADExample.WebClient.CodeFlow.csproj", "{9BAC50BF-175E-4F6C-B503-A999B12AA0BE}"
EndProject
Global
	GlobalSection(SolutionConfigurationPlatforms) = preSolution
		Debug|Any CPU = Debug|Any CPU
		Release|Any CPU = Release|Any CPU
	EndGlobalSection
	GlobalSection(ProjectConfigurationPlatforms) = postSolution
		{9A71C2A7-9E8A-40B6-9DF0-8FA34D105BEB}.Debug|Any CPU.ActiveCfg = Debug|Any CPU
		{9A71C2A7-9E8A-40B6-9DF0-8FA34D105BEB}.Debug|Any CPU.Build.0 = Debug|Any CPU
		{9A71C2A7-9E8A-40B6-9DF0-8FA34D105BEB}.Release|Any CPU.ActiveCfg = Release|Any CPU
		{9A71C2A7-9E8A-40B6-9DF0-8FA34D105BEB}.Release|Any CPU.Build.0 = Release|Any CPU
		{88DE2B99-E9A7-4CEC-A1B3-0BC3A8C347F4}.Debug|Any CPU.ActiveCfg = Debug|Any CPU
		{88DE2B99-E9A7-4CEC-A1B3-0BC3A8C347F4}.Debug|Any CPU.Build.0 = Debug|Any CPU
		{88DE2B99-E9A7-4CEC-A1B3-0BC3A8C347F4}.Release|Any CPU.ActiveCfg = Release|Any CPU
		{88DE2B99-E9A7-4CEC-A1B3-0BC3A8C347F4}.Release|Any CPU.Build.0 = Release|Any CPU
		{7DBF68E5-E1C9-45B2-BD22-3301895206FB}.Debug|Any CPU.ActiveCfg = Debug|Any CPU
		{7DBF68E5-E1C9-45B2-BD22-3301895206FB}.Debug|Any CPU.Build.0 = Debug|Any CPU
		{7DBF68E5-E1C9-45B2-BD22-3301895206FB}.Release|Any CPU.ActiveCfg = Release|Any CPU
		{7DBF68E5-E1C9-45B2-BD22-3301895206FB}.Release|Any CPU.Build.0 = Release|Any CPU
		{4F4C860A-1062-4E0A-A911-B2540D722C2C}.Debug|Any CPU.ActiveCfg = Debug|Any CPU
		{4F4C860A-1062-4E0A-A911-B2540D722C2C}.Debug|Any CPU.Build.0 = Debug|Any CPU
		{4F4C860A-1062-4E0A-A911-B2540D722C2C}.Release|Any CPU.ActiveCfg = Release|Any CPU
		{4F4C860A-1062-4E0A-A911-B2540D722C2C}.Release|Any CPU.Build.0 = Release|Any CPU
		{9BAC50BF-175E-4F6C-B503-A999B12AA0BE}.Debug|Any CPU.ActiveCfg = Debug|Any CPU
		{9BAC50BF-175E-4F6C-B503-A999B12AA0BE}.Debug|Any CPU.Build.0 = Debug|Any CPU
		{9BAC50BF-175E-4F6C-B503-A999B12AA0BE}.Release|Any CPU.ActiveCfg = Release|Any CPU
		{9BAC50BF-175E-4F6C-B503-A999B12AA0BE}.Release|Any CPU.Build.0 = Release|Any CPU
	EndGlobalSection
	GlobalSection(SolutionProperties) = preSolution
		HideSolutionNode = FALSE
	EndGlobalSection
	GlobalSection(ExtensibilityGlobals) = postSolution
		SolutionGuid = {E4D0E868-5A8B-4DD9-8749-37EE192C6F31}
	EndGlobalSection
EndGlobal
